
Microsoft Visual Studio Solution File, Format Version 12.00
# Visual Studio Version 16
VisualStudioVersion = 16.0.30011.22
MinimumVisualStudioVersion = 10.0.40219.1
Project("{FAE04EC0-301F-11D3-BF4B-00C04F79EFBC}") = "ChessRules", "ChessRules\ChessRules.csproj", "{9A1595E7-C80A-4F87-91C2-5C305239A477}"
EndProject
Project("{FAE04EC0-301F-11D3-BF4B-00C04F79EFBC}") = "ChessDemo", "ChessDemo\ChessDemo.csproj", "{C8570FC7-1078-443B-B855-BC27A3C2F32A}"
EndProject
Global
	GlobalSection(SolutionConfigurationPlatforms) = preSolution
		Debug|Any CPU = Debug|Any CPU
		Release|Any CPU = Release|Any CPU
	EndGlobalSection
	GlobalSection(ProjectConfigurationPlatforms) = postSolution
		{9A1595E7-C80A-4F87-91C2-5C305239A477}.Debug|Any CPU.ActiveCfg = Debug|Any CPU
		{9A1595E7-C80A-4F87-91C2-5C305239A477}.Debug|Any CPU.Build.0 = Debug|Any CPU
		{9A1595E7-C80A-4F87-91C2-5C305239A477}.Release|Any CPU.ActiveCfg = Release|Any CPU
		{9A1595E7-C80A-4F87-91C2-5C305239A477}.Release|Any CPU.Build.0 = Release|Any CPU
		{C8570FC7-1078-443B-B855-BC27A3C2F32A}.Debug|Any CPU.ActiveCfg = Debug|Any CPU
		{C8570FC7-1078-443B-B855-BC27A3C2F32A}.Debug|Any CPU.Build.0 = Debug|Any CPU
		{C8570FC7-1078-443B-B855-BC27A3C2F32A}.Release|Any CPU.ActiveCfg = Release|Any CPU
		{C8570FC7-1078-443B-B855-BC27A3C2F32A}.Release|Any CPU.Build.0 = Release|Any CPU
	EndGlobalSection
	GlobalSection(SolutionProperties) = preSolution
		HideSolutionNode = FALSE
	EndGlobalSection
	GlobalSection(ExtensibilityGlobals) = postSolution
		SolutionGuid = {9CCCB6D3-1B45-4F9A-8943-FBDE5F46DD9B}
	EndGlobalSection
EndGlobal
